
Microsoft Visual Studio Solution File, Format Version 12.00
# Visual Studio 15
VisualStudioVersion = 15.0.28010.0
MinimumVisualStudioVersion = 10.0.40219.1
Project("{FAE04EC0-301F-11D3-BF4B-00C04F79EFBC}") = "DeployWebhook", "Deploy\DeployWebhook.csproj", "{1C6DB1AE-AC9C-4269-9850-462F1E1271DA}"
EndProject
Project("{2150E333-8FDC-42A3-9474-1A3956D46DE8}") = "Solution Items", "Solution Items", "{A1015D5F-7161-4F11-B5D7-C96F7341E050}"
	ProjectSection(SolutionItems) = preProject
		crm online test.postman_environment.json = crm online test.postman_environment.json
		web hook deploy test.postman_collection.json = web hook deploy test.postman_collection.json
	EndProjectSection
EndProject
Project("{FAE04EC0-301F-11D3-BF4B-00C04F79EFBC}") = "CrmHelper", "CrmHelper\CrmHelper.csproj", "{9BBCFAF5-5449-4476-9431-BEFD10744610}"
EndProject
Project("{FAE04EC0-301F-11D3-BF4B-00C04F79EFBC}") = "OpportunityCurrency", "OpportunityCurrency\OpportunityCurrency.csproj", "{E4AB0973-A5B2-482A-AEC6-ED7AEF6642F1}"
EndProject
Global
	GlobalSection(SolutionConfigurationPlatforms) = preSolution
		Debug|Any CPU = Debug|Any CPU
		Release|Any CPU = Release|Any CPU
	EndGlobalSection
	GlobalSection(ProjectConfigurationPlatforms) = postSolution
		{1C6DB1AE-AC9C-4269-9850-462F1E1271DA}.Debug|Any CPU.ActiveCfg = Debug|Any CPU
		{1C6DB1AE-AC9C-4269-9850-462F1E1271DA}.Debug|Any CPU.Build.0 = Debug|Any CPU
		{1C6DB1AE-AC9C-4269-9850-462F1E1271DA}.Release|Any CPU.ActiveCfg = Release|Any CPU
		{1C6DB1AE-AC9C-4269-9850-462F1E1271DA}.Release|Any CPU.Build.0 = Release|Any CPU
		{9BBCFAF5-5449-4476-9431-BEFD10744610}.Debug|Any CPU.ActiveCfg = Debug|Any CPU
		{9BBCFAF5-5449-4476-9431-BEFD10744610}.Debug|Any CPU.Build.0 = Debug|Any CPU
		{9BBCFAF5-5449-4476-9431-BEFD10744610}.Release|Any CPU.ActiveCfg = Release|Any CPU
		{9BBCFAF5-5449-4476-9431-BEFD10744610}.Release|Any CPU.Build.0 = Release|Any CPU
		{E4AB0973-A5B2-482A-AEC6-ED7AEF6642F1}.Debug|Any CPU.ActiveCfg = Debug|Any CPU
		{E4AB0973-A5B2-482A-AEC6-ED7AEF6642F1}.Debug|Any CPU.Build.0 = Debug|Any CPU
		{E4AB0973-A5B2-482A-AEC6-ED7AEF6642F1}.Release|Any CPU.ActiveCfg = Release|Any CPU
		{E4AB0973-A5B2-482A-AEC6-ED7AEF6642F1}.Release|Any CPU.Build.0 = Release|Any CPU
	EndGlobalSection
	GlobalSection(SolutionProperties) = preSolution
		HideSolutionNode = FALSE
	EndGlobalSection
	GlobalSection(ExtensibilityGlobals) = postSolution
		SolutionGuid = {743FA927-CE38-48B3-8813-A27DC43609D1}
	EndGlobalSection
EndGlobal
